
Microsoft Visual Studio Solution File, Format Version 12.00
# Visual Studio 15
Project("{FAE04EC0-301F-11D3-BF4B-00C04F79EFBC}") = "Assembly-CSharp", "Assembly-CSharp.csproj", "{282CB6BD-864F-CECC-9F37-E9D1E243D1FA}"
EndProject
Project("{FAE04EC0-301F-11D3-BF4B-00C04F79EFBC}") = "Assembly-CSharp-Editor", "Assembly-CSharp-Editor.csproj", "{57E96CF5-C372-07BA-F89D-3623F2DCF5A6}"
EndProject
Global
	GlobalSection(SolutionConfigurationPlatforms) = preSolution
		Debug|Any CPU = Debug|Any CPU
		Release|Any CPU = Release|Any CPU
	EndGlobalSection
	GlobalSection(ProjectConfigurationPlatforms) = postSolution
		{282CB6BD-864F-CECC-9F37-E9D1E243D1FA}.Debug|Any CPU.ActiveCfg = Debug|Any CPU
		{282CB6BD-864F-CECC-9F37-E9D1E243D1FA}.Debug|Any CPU.Build.0 = Debug|Any CPU
		{282CB6BD-864F-CECC-9F37-E9D1E243D1FA}.Release|Any CPU.ActiveCfg = Release|Any CPU
		{282CB6BD-864F-CECC-9F37-E9D1E243D1FA}.Release|Any CPU.Build.0 = Release|Any CPU
		{57E96CF5-C372-07BA-F89D-3623F2DCF5A6}.Debug|Any CPU.ActiveCfg = Debug|Any CPU
		{57E96CF5-C372-07BA-F89D-3623F2DCF5A6}.Debug|Any CPU.Build.0 = Debug|Any CPU
		{57E96CF5-C372-07BA-F89D-3623F2DCF5A6}.Release|Any CPU.ActiveCfg = Release|Any CPU
		{57E96CF5-C372-07BA-F89D-3623F2DCF5A6}.Release|Any CPU.Build.0 = Release|Any CPU
	EndGlobalSection
	GlobalSection(SolutionProperties) = preSolution
		HideSolutionNode = FALSE
	EndGlobalSection
EndGlobal
